
Microsoft Visual Studio Solution File, Format Version 12.00
# Visual Studio Version 16
VisualStudioVersion = 16.0.29806.167
MinimumVisualStudioVersion = 10.0.40219.1
Project("{FAE04EC0-301F-11D3-BF4B-00C04F79EFBC}") = "PokedexMalHecho", "PokedexMalHecho.csproj", "{170A7227-E31C-456A-85D0-1A221456EDA2}"
EndProject
Global
	GlobalSection(SolutionConfigurationPlatforms) = preSolution
		Debug|Any CPU = Debug|Any CPU
		Release|Any CPU = Release|Any CPU
	EndGlobalSection
	GlobalSection(ProjectConfigurationPlatforms) = postSolution
		{170A7227-E31C-456A-85D0-1A221456EDA2}.Debug|Any CPU.ActiveCfg = Debug|Any CPU
		{170A7227-E31C-456A-85D0-1A221456EDA2}.Debug|Any CPU.Build.0 = Debug|Any CPU
		{170A7227-E31C-456A-85D0-1A221456EDA2}.Release|Any CPU.ActiveCfg = Release|Any CPU
		{170A7227-E31C-456A-85D0-1A221456EDA2}.Release|Any CPU.Build.0 = Release|Any CPU
	EndGlobalSection
	GlobalSection(SolutionProperties) = preSolution
		HideSolutionNode = FALSE
	EndGlobalSection
	GlobalSection(ExtensibilityGlobals) = postSolution
		SolutionGuid = {76378845-7839-4496-9CC3-86CA23CB2805}
	EndGlobalSection
EndGlobal
